
Microsoft Visual Studio Solution File, Format Version 12.00
# Visual Studio 2010
Project("{159641D6-6404-4A2A-AE62-294DE0FE8301}") = "BIS-Partner-ETL", "BIS-Partner-ETL.dtproj", "{EE6F99CC-43BD-47D0-BFFE-CF0D14BD1B66}"
EndProject
Global
	GlobalSection(SolutionConfigurationPlatforms) = preSolution
		Development|Default = Development|Default
	EndGlobalSection
	GlobalSection(ProjectConfigurationPlatforms) = postSolution
		{EE6F99CC-43BD-47D0-BFFE-CF0D14BD1B66}.Development|Default.ActiveCfg = Development
		{EE6F99CC-43BD-47D0-BFFE-CF0D14BD1B66}.Development|Default.Build.0 = Development
	EndGlobalSection
	GlobalSection(SolutionProperties) = preSolution
		HideSolutionNode = FALSE
	EndGlobalSection
EndGlobal
