
Microsoft Visual Studio Solution File, Format Version 12.00
# Visual Studio 14
VisualStudioVersion = 14.0.25420.1
MinimumVisualStudioVersion = 10.0.40219.1
Project("{159641D6-6404-4A2A-AE62-294DE0FE8301}") = "BIS Initial Data load", "BIS Initial Data load\BIS Initial Data load.dtproj", "{BCF612B2-6100-4DA0-BA7A-9319D9D110E8}"
EndProject
Global
	GlobalSection(SolutionConfigurationPlatforms) = preSolution
		Development|Default = Development|Default
	EndGlobalSection
	GlobalSection(ProjectConfigurationPlatforms) = postSolution
		{BCF612B2-6100-4DA0-BA7A-9319D9D110E8}.Development|Default.ActiveCfg = Development
		{BCF612B2-6100-4DA0-BA7A-9319D9D110E8}.Development|Default.Build.0 = Development
	EndGlobalSection
	GlobalSection(SolutionProperties) = preSolution
		HideSolutionNode = FALSE
	EndGlobalSection
EndGlobal
