
Microsoft Visual Studio Solution File, Format Version 12.00
# Visual Studio 14
VisualStudioVersion = 14.0.25420.1
MinimumVisualStudioVersion = 10.0.40219.1
Project("{159641D6-6404-4A2A-AE62-294DE0FE8301}") = "BIS Warehouse Data Load", "BIS Warehouse Data Load\BIS Warehouse Data Load.dtproj", "{E9D28F2D-399C-445E-8960-97CA53D5B750}"
EndProject
Global
	GlobalSection(SolutionConfigurationPlatforms) = preSolution
		Development|Default = Development|Default
	EndGlobalSection
	GlobalSection(ProjectConfigurationPlatforms) = postSolution
		{E9D28F2D-399C-445E-8960-97CA53D5B750}.Development|Default.ActiveCfg = Development
		{E9D28F2D-399C-445E-8960-97CA53D5B750}.Development|Default.Build.0 = Development
	EndGlobalSection
	GlobalSection(SolutionProperties) = preSolution
		HideSolutionNode = FALSE
	EndGlobalSection
EndGlobal
