
Microsoft Visual Studio Solution File, Format Version 12.00
# Visual Studio 2012
Project("{F14B399A-7131-4C87-9E4B-1186C45EF12D}") = "SSRS", "SSRS\SSRS.rptproj", "{573C5126-9C11-4207-8929-5FAC6C297085}"
EndProject
Global
	GlobalSection(SolutionConfigurationPlatforms) = preSolution
		Debug|Default = Debug|Default
		DebugLocal|Default = DebugLocal|Default
		Release|Default = Release|Default
	EndGlobalSection
	GlobalSection(ProjectConfigurationPlatforms) = postSolution
		{573C5126-9C11-4207-8929-5FAC6C297085}.Debug|Default.ActiveCfg = Debug
		{573C5126-9C11-4207-8929-5FAC6C297085}.Debug|Default.Build.0 = Debug
		{573C5126-9C11-4207-8929-5FAC6C297085}.Debug|Default.Deploy.0 = Debug
		{573C5126-9C11-4207-8929-5FAC6C297085}.DebugLocal|Default.ActiveCfg = DebugLocal
		{573C5126-9C11-4207-8929-5FAC6C297085}.DebugLocal|Default.Build.0 = DebugLocal
		{573C5126-9C11-4207-8929-5FAC6C297085}.Release|Default.ActiveCfg = Release
		{573C5126-9C11-4207-8929-5FAC6C297085}.Release|Default.Build.0 = Release
		{573C5126-9C11-4207-8929-5FAC6C297085}.Release|Default.Deploy.0 = Release
	EndGlobalSection
	GlobalSection(SolutionProperties) = preSolution
		HideSolutionNode = FALSE
	EndGlobalSection
EndGlobal
