
Microsoft Visual Studio Solution File, Format Version 12.00
# Visual Studio 14
VisualStudioVersion = 14.0.25420.1
MinimumVisualStudioVersion = 10.0.40219.1
Project("{159641D6-6404-4A2A-AE62-294DE0FE8301}") = "BIS Multichannel", "BIS-Multichannel\BIS Multichannel.dtproj", "{DBEA49A8-714D-4840-AD9F-663CC0BF22E4}"
EndProject
Global
	GlobalSection(SolutionConfigurationPlatforms) = preSolution
		Development|Default = Development|Default
	EndGlobalSection
	GlobalSection(ProjectConfigurationPlatforms) = postSolution
		{DBEA49A8-714D-4840-AD9F-663CC0BF22E4}.Development|Default.ActiveCfg = Development
		{DBEA49A8-714D-4840-AD9F-663CC0BF22E4}.Development|Default.Build.0 = Development
	EndGlobalSection
	GlobalSection(SolutionProperties) = preSolution
		HideSolutionNode = FALSE
	EndGlobalSection
EndGlobal
